<?xml version="1.0" encoding="utf-8"?>
<Project ToolsVersion="4.0" xmlns="http://schemas.microsoft.com/developer/msbuild/2003">
  <ItemGroup>
    <Filter Include="Source Files">
      <UniqueIdentifier>{4FC737F1-C7A5-4376-A066-2A32D752A2FF}</UniqueIdentifier>
      <Extensions>cpp;c;cc;cxx;def;odl;idl;hpj;bat;asm;asmx</Extensions>
    </Filter>
    <Filter Include="Header Files">
      <UniqueIdentifier>{93995380-89BD-4b04-88EB-625FBE52EBFB}</UniqueIdentifier>
      <Extensions>h;hh;hpp;hxx;hm;inl;inc;xsd</Extensions>
    </Filter>
    <Filter Include="Resource Files">
      <UniqueIdentifier>{67DA6AB6-F800-4c08-8B7A-83BB121AAD01}</UniqueIdentifier>
      <Extensions>rc;ico;cur;bmp;dlg;rc2;rct;bin;rgs;gif;jpg;jpeg;jpe;resx;tiff;tif;png;wav;mfcribbon-ms</Extensions>
    </Filter>
  </ItemGroup>
  <ItemGroup>
    <ClCompile Include="MyForm.cpp">
      <Filter>Source Files</Filter>
    </ClCompile>
    <ClCompile Include="Dodanie.cpp">
      <Filter>Source Files</Filter>
    </ClCompile>
    <ClCompile Include="Buty.cpp">
      <Filter>Source Files</Filter>
    </ClCompile>
    <ClCompile Include="Ustawienia.cpp">
      <Filter>Source Files</Filter>
    </ClCompile>
    <ClCompile Include="Historia.cpp">
      <Filter>Source Files</Filter>
    </ClCompile>
    <ClCompile Include="Cele.cpp">
      <Filter>Source Files</Filter>
    </ClCompile>
    <ClCompile Include="Statystyki.cpp">
      <Filter>Source Files</Filter>
    </ClCompile>
    <ClCompile Include="Kalkulator.cpp">
      <Filter>Source Files</Filter>
    </ClCompile>
    <ClCompile Include="Nowy_cel.cpp">
      <Filter>Source Files</Filter>
    </ClCompile>
  </ItemGroup>
  <ItemGroup>
    <ClInclude Include="MyForm.h">
      <Filter>Header Files</Filter>
    </ClInclude>
    <ClInclude Include="Dodanie.h">
      <Filter>Header Files</Filter>
    </ClInclude>
    <ClInclude Include="Buty.h">
      <Filter>Header Files</Filter>
    </ClInclude>
    <ClInclude Include="Ustawienia.h">
      <Filter>Header Files</Filter>
    </ClInclude>
    <ClInclude Include="Historia.h">
      <Filter>Header Files</Filter>
    </ClInclude>
    <ClInclude Include="Cele.h">
      <Filter>Header Files</Filter>
    </ClInclude>
    <ClInclude Include="Statystyki.h">
      <Filter>Header Files</Filter>
    </ClInclude>
    <ClInclude Include="Kalkulator.h">
      <Filter>Header Files</Filter>
    </ClInclude>
    <ClInclude Include="Nowy_cel.h">
      <Filter>Header Files</Filter>
    </ClInclude>
  </ItemGroup>
  <ItemGroup>
    <EmbeddedResource Include="Buty.resx">
      <Filter>Resource Files</Filter>
    </EmbeddedResource>
    <EmbeddedResource Include="Dodanie.resx">
      <Filter>Resource Files</Filter>
    </EmbeddedResource>
    <EmbeddedResource Include="MyForm.resx">
      <Filter>Resource Files</Filter>
    </EmbeddedResource>
    <EmbeddedResource Include="Ustawienia.resx">
      <Filter>Resource Files</Filter>
    </EmbeddedResource>
    <EmbeddedResource Include="Historia.resx">
      <Filter>Resource Files</Filter>
    </EmbeddedResource>
    <EmbeddedResource Include="Cele.resx">
      <Filter>Resource Files</Filter>
    </EmbeddedResource>
    <EmbeddedResource Include="Kalkulator.resx">
      <Filter>Resource Files</Filter>
    </EmbeddedResource>
    <EmbeddedResource Include="Statystyki.resx">
      <Filter>Resource Files</Filter>
    </EmbeddedResource>
  </ItemGroup>
</Project>